
Microsoft Visual Studio Solution File, Format Version 12.00
# Visual Studio Version 17
VisualStudioVersion = 17.14.36310.24 d17.14
MinimumVisualStudioVersion = 10.0.40219.1
Project("{FAE04EC0-301F-11D3-BF4B-00C04F79EFBC}") = "TP1-Menu-LucasDiaz", "TP1-Menu-LucasDiaz\TP1-Menu-LucasDiaz.csproj", "{64E7AF2E-EF98-4719-963B-2347E47BF669}"
EndProject
Project("{FAE04EC0-301F-11D3-BF4B-00C04F79EFBC}") = "Applications", "Applications\Applications.csproj", "{D1C01270-E9FE-487C-AE54-F54A7E48835E}"
EndProject
Project("{FAE04EC0-301F-11D3-BF4B-00C04F79EFBC}") = "Domain", "Domain\Domain.csproj", "{703D281D-9684-46C1-849D-2B4BB1A4DE9F}"
EndProject
Project("{FAE04EC0-301F-11D3-BF4B-00C04F79EFBC}") = "Infrastructure", "Infrastructure\Infrastructure.csproj", "{6145F97F-AE21-4276-9127-A5A1881F4937}"
EndProject
Global
	GlobalSection(SolutionConfigurationPlatforms) = preSolution
		Debug|Any CPU = Debug|Any CPU
		Release|Any CPU = Release|Any CPU
	EndGlobalSection
	GlobalSection(ProjectConfigurationPlatforms) = postSolution
		{64E7AF2E-EF98-4719-963B-2347E47BF669}.Debug|Any CPU.ActiveCfg = Debug|Any CPU
		{64E7AF2E-EF98-4719-963B-2347E47BF669}.Debug|Any CPU.Build.0 = Debug|Any CPU
		{64E7AF2E-EF98-4719-963B-2347E47BF669}.Release|Any CPU.ActiveCfg = Release|Any CPU
		{64E7AF2E-EF98-4719-963B-2347E47BF669}.Release|Any CPU.Build.0 = Release|Any CPU
		{D1C01270-E9FE-487C-AE54-F54A7E48835E}.Debug|Any CPU.ActiveCfg = Debug|Any CPU
		{D1C01270-E9FE-487C-AE54-F54A7E48835E}.Debug|Any CPU.Build.0 = Debug|Any CPU
		{D1C01270-E9FE-487C-AE54-F54A7E48835E}.Release|Any CPU.ActiveCfg = Release|Any CPU
		{D1C01270-E9FE-487C-AE54-F54A7E48835E}.Release|Any CPU.Build.0 = Release|Any CPU
		{703D281D-9684-46C1-849D-2B4BB1A4DE9F}.Debug|Any CPU.ActiveCfg = Debug|Any CPU
		{703D281D-9684-46C1-849D-2B4BB1A4DE9F}.Debug|Any CPU.Build.0 = Debug|Any CPU
		{703D281D-9684-46C1-849D-2B4BB1A4DE9F}.Release|Any CPU.ActiveCfg = Release|Any CPU
		{703D281D-9684-46C1-849D-2B4BB1A4DE9F}.Release|Any CPU.Build.0 = Release|Any CPU
		{6145F97F-AE21-4276-9127-A5A1881F4937}.Debug|Any CPU.ActiveCfg = Debug|Any CPU
		{6145F97F-AE21-4276-9127-A5A1881F4937}.Debug|Any CPU.Build.0 = Debug|Any CPU
		{6145F97F-AE21-4276-9127-A5A1881F4937}.Release|Any CPU.ActiveCfg = Release|Any CPU
		{6145F97F-AE21-4276-9127-A5A1881F4937}.Release|Any CPU.Build.0 = Release|Any CPU
	EndGlobalSection
	GlobalSection(SolutionProperties) = preSolution
		HideSolutionNode = FALSE
	EndGlobalSection
	GlobalSection(ExtensibilityGlobals) = postSolution
		SolutionGuid = {017850C8-DA84-438B-BA13-E7C887624822}
	EndGlobalSection
EndGlobal
